// !$*UTF8*$!
{
	archiveVersion = 1;
	classes = {
	};
	objectVersion = 46;
	objects = {

/* Begin PBXBuildFile section */
		46366B9A1B7F9DE000A9AADF /* AppDelegate.swift in Sources */ = {isa = PBXBuildFile; fileRef = 46366B991B7F9DE000A9AADF /* AppDelegate.swift */; };
		46366B9C1B7F9DE000A9AADF /* ViewController.swift in Sources */ = {isa = PBXBuildFile; fileRef = 46366B9B1B7F9DE000A9AADF /* ViewController.swift */; };
		46366B9F1B7F9DE000A9AADF /* Main.storyboard in Resources */ = {isa = PBXBuildFile; fileRef = 46366B9D1B7F9DE000A9AADF /* Main.storyboard */; };
		46366BA11B7F9DE000A9AADF /* Images.xcassets in Resources */ = {isa = PBXBuildFile; fileRef = 46366BA01B7F9DE000A9AADF /* Images.xcassets */; };
		46366BA41B7F9DE000A9AADF /* LaunchScreen.xib in Resources */ = {isa = PBXBuildFile; fileRef = 46366BA21B7F9DE000A9AADF /* LaunchScreen.xib */; };
		46366BB01B7F9DE000A9AADF /* imagePickerTests.swift in Sources */ = {isa = PBXBuildFile; fileRef = 46366BAF1B7F9DE000A9AADF /* imagePickerTests.swift */; };
/* End PBXBuildFile section */

/* Begin PBXContainerItemProxy section */
		46366BAA1B7F9DE000A9AADF /* PBXContainerItemProxy */ = {
			isa = PBXContainerItemProxy;
			containerPortal = 46366B8C1B7F9DE000A9AADF /* Project object */;
			proxyType = 1;
			remoteGlobalIDString = 46366B931B7F9DE000A9AADF;
			remoteInfo = imagePicker;
		};
/* End PBXContainerItemProxy section */

/* Begin PBXFileReference section */
		46366B941B7F9DE000A9AADF /* imagePicker.app */ = {isa = PBXFileReference; explicitFileType = wrapper.application; includeInIndex = 0; path = imagePicker.app; sourceTree = BUILT_PRODUCTS_DIR; };
		46366B981B7F9DE000A9AADF /* Info.plist */ = {isa = PBXFileReference; lastKnownFileType = text.plist.xml; path = Info.plist; sourceTree = "<group>"; };
		46366B991B7F9DE000A9AADF /* AppDelegate.swift */ = {isa = PBXFileReference; lastKnownFileType = sourcecode.swift; path = AppDelegate.swift; sourceTree = "<group>"; };
		46366B9B1B7F9DE000A9AADF /* ViewController.swift */ = {isa = PBXFileReference; lastKnownFileType = sourcecode.swift; path = ViewController.swift; sourceTree = "<group>"; };
		46366B9E1B7F9DE000A9AADF /* Base */ = {isa = PBXFileReference; lastKnownFileType = file.storyboard; name = Base; path = Base.lproj/Main.storyboard; sourceTree = "<group>"; };
		46366BA01B7F9DE000A9AADF /* Images.xcassets */ = {isa = PBXFileReference; lastKnownFileType = folder.assetcatalog; path = Images.xcassets; sourceTree = "<group>"; };
		46366BA31B7F9DE000A9AADF /* Base */ = {isa = PBXFileReference; lastKnownFileType = file.xib; name = Base; path = Base.lproj/LaunchScreen.xib; sourceTree = "<group>"; };
		46366BA91B7F9DE000A9AADF /* imagePickerTests.xctest */ = {isa = PBXFileReference; explicitFileType = wrapper.cfbundle; includeInIndex = 0; path = imagePickerTests.xctest; sourceTree = BUILT_PRODUCTS_DIR; };
		46366BAE1B7F9DE000A9AADF /* Info.plist */ = {isa = PBXFileReference; lastKnownFileType = text.plist.xml; path = Info.plist; sourceTree = "<group>"; };
		46366BAF1B7F9DE000A9AADF /* imagePickerTests.swift */ = {isa = PBXFileReference; lastKnownFileType = sourcecode.swift; path = imagePickerTests.swift; sourceTree = "<group>"; };
/* End PBXFileReference section */

/* Begin PBXFrameworksBuildPhase section */
		46366B911B7F9DE000A9AADF /* Frameworks */ = {
			isa = PBXFrameworksBuildPhase;
			buildActionMask = 2147483647;
			files = (
			);
			runOnlyForDeploymentPostprocessing = 0;
		};
		46366BA61B7F9DE000A9AADF /* Frameworks */ = {
			isa = PBXFrameworksBuildPhase;
			buildActionMask = 2147483647;
			files = (
			);
			runOnlyForDeploymentPostprocessing = 0;
		};
/* End PBXFrameworksBuildPhase section */

/* Begin PBXGroup section */
		46366B8B1B7F9DE000A9AADF = {
			isa = PBXGroup;
			children = (
				46366B961B7F9DE000A9AADF /* imagePicker */,
				46366BAC1B7F9DE000A9AADF /* imagePickerTests */,
				46366B951B7F9DE000A9AADF /* Products */,
			);
			sourceTree = "<group>";
		};
		46366B951B7F9DE000A9AADF /* Products */ = {
			isa = PBXGroup;
			children = (
				46366B941B7F9DE000A9AADF /* imagePicker.app */,
				46366BA91B7F9DE000A9AADF /* imagePickerTests.xctest */,
			);
			name = Products;
			sourceTree = "<group>";
		};
		46366B961B7F9DE000A9AADF /* imagePicker */ = {
			isa = PBXGroup;
			children = (
				46366B991B7F9DE000A9AADF /* AppDelegate.swift */,
				46366B9B1B7F9DE000A9AADF /* ViewController.swift */,
				46366B9D1B7F9DE000A9AADF /* Main.storyboard */,
				46366BA01B7F9DE000A9AADF /* Images.xcassets */,
				46366BA21B7F9DE000A9AADF /* LaunchScreen.xib */,
				46366B971B7F9DE000A9AADF /* Supporting Files */,
			);
			path = imagePicker;
			sourceTree = "<group>";
		};
		46366B971B7F9DE000A9AADF /* Supporting Files */ = {
			isa = PBXGroup;
			children = (
				46366B981B7F9DE000A9AADF /* Info.plist */,
			);
			name = "Supporting Files";
			sourceTree = "<group>";
		};
		46366BAC1B7F9DE000A9AADF /* imagePickerTests */ = {
			isa = PBXGroup;
			children = (
				46366BAF1B7F9DE000A9AADF /* imagePickerTests.swift */,
				46366BAD1B7F9DE000A9AADF /* Supporting Files */,
			);
			path = imagePickerTests;
			sourceTree = "<group>";
		};
		46366BAD1B7F9DE000A9AADF /* Supporting Files */ = {
			isa = PBXGroup;
			children = (
				46366BAE1B7F9DE000A9AADF /* Info.plist */,
			);
			name = "Supporting Files";
			sourceTree = "<group>";
		};
/* End PBXGroup section */

/* Begin PBXNativeTarget section */
		46366B931B7F9DE000A9AADF /* imagePicker */ = {
			isa = PBXNativeTarget;
			buildConfigurationList = 46366BB31B7F9DE000A9AADF /* Build configuration list for PBXNativeTarget "imagePicker" */;
			buildPhases = (
				46366B901B7F9DE000A9AADF /* Sources */,
				46366B911B7F9DE000A9AADF /* Frameworks */,
				46366B921B7F9DE000A9AADF /* Resources */,
			);
			buildRules = (
			);
			dependencies = (
			);
			name = imagePicker;
			productName = imagePicker;
			productReference = 46366B941B7F9DE000A9AADF /* imagePicker.app */;
			productType = "com.apple.product-type.application";
		};
		46366BA81B7F9DE000A9AADF /* imagePickerTests */ = {
			isa = PBXNativeTarget;
			buildConfigurationList = 46366BB61B7F9DE000A9AADF /* Build configuration list for PBXNativeTarget "imagePickerTests" */;
			buildPhases = (
				46366BA51B7F9DE000A9AADF /* Sources */,
				46366BA61B7F9DE000A9AADF /* Frameworks */,
				46366BA71B7F9DE000A9AADF /* Resources */,
			);
			buildRules = (
			);
			dependencies = (
				46366BAB1B7F9DE000A9AADF /* PBXTargetDependency */,
			);
			name = imagePickerTests;
			productName = imagePickerTests;
			productReference = 46366BA91B7F9DE000A9AADF /* imagePickerTests.xctest */;
			productType = "com.apple.product-type.bundle.unit-test";
		};
/* End PBXNativeTarget section */

/* Begin PBXProject section */
		46366B8C1B7F9DE000A9AADF /* Project object */ = {
			isa = PBXProject;
			attributes = {
				LastSwiftUpdateCheck = 0710;
				LastUpgradeCheck = 0640;
				ORGANIZATIONNAME = Udacity;
				TargetAttributes = {
					46366B931B7F9DE000A9AADF = {
						CreatedOnToolsVersion = 6.4;
						LastSwiftMigration = 0800;
					};
					46366BA81B7F9DE000A9AADF = {
						CreatedOnToolsVersion = 6.4;
						LastSwiftMigration = 0800;
						TestTargetID = 46366B931B7F9DE000A9AADF;
					};
				};
			};
			buildConfigurationList = 46366B8F1B7F9DE000A9AADF /* Build configuration list for PBXProject "imagePicker" */;
			compatibilityVersion = "Xcode 3.2";
			developmentRegion = English;
			hasScannedForEncodings = 0;
			knownRegions = (
				en,
				Base,
			);
			mainGroup = 46366B8B1B7F9DE000A9AADF;
			productRefGroup = 46366B951B7F9DE000A9AADF /* Products */;
			projectDirPath = "";
			projectRoot = "";
			targets = (
				46366B931B7F9DE000A9AADF /* imagePicker */,
				46366BA81B7F9DE000A9AADF /* imagePickerTests */,
			);
		};
/* End PBXProject section */

/* Begin PBXResourcesBuildPhase section */
		46366B921B7F9DE000A9AADF /* Resources */ = {
			isa = PBXResourcesBuildPhase;
			buildActionMask = 2147483647;
			files = (
				46366B9F1B7F9DE000A9AADF /* Main.storyboard in Resources */,
				46366BA41B7F9DE000A9AADF /* LaunchScreen.xib in Resources */,
				46366BA11B7F9DE000A9AADF /* Images.xcassets in Resources */,
			);
			runOnlyForDeploymentPostprocessing = 0;
		};
		46366BA71B7F9DE000A9AADF /* Resources */ = {
			isa = PBXResourcesBuildPhase;
			buildActionMask = 2147483647;
			files = (
			);
			runOnlyForDeploymentPostprocessing = 0;
		};
/* End PBXResourcesBuildPhase section */

/* Begin PBXSourcesBuildPhase section */
		46366B901B7F9DE000A9AADF /* Sources */ = {
			isa = PBXSourcesBuildPhase;
			buildActionMask = 2147483647;
			files = (
				46366B9C1B7F9DE000A9AADF /* ViewController.swift in Sources */,
				46366B9A1B7F9DE000A9AADF /* AppDelegate.swift in Sources */,
			);
			runOnlyForDeploymentPostprocessing = 0;
		};
		46366BA51B7F9DE000A9AADF /* Sources */ = {
			isa = PBXSourcesBuildPhase;
			buildActionMask = 2147483647;
			files = (
				46366BB01B7F9DE000A9AADF /* imagePickerTests.swift in Sources */,
			);
			runOnlyForDeploymentPostprocessing = 0;
		};
/* End PBXSourcesBuildPhase section */

/* Begin PBXTargetDependency section */
		46366BAB1B7F9DE000A9AADF /* PBXTargetDependency */ = {
			isa = PBXTargetDependency;
			target = 46366B931B7F9DE000A9AADF /* imagePicker */;
			targetProxy = 46366BAA1B7F9DE000A9AADF /* PBXContainerItemProxy */;
		};
/* End PBXTargetDependency section */

/* Begin PBXVariantGroup section */
		46366B9D1B7F9DE000A9AADF /* Main.storyboard */ = {
			isa = PBXVariantGroup;
			children = (
				46366B9E1B7F9DE000A9AADF /* Base */,
			);
			name = Main.storyboard;
			sourceTree = "<group>";
		};
		46366BA21B7F9DE000A9AADF /* LaunchScreen.xib */ = {
			isa = PBXVariantGroup;
			children = (
				46366BA31B7F9DE000A9AADF /* Base */,
			);
			name = LaunchScreen.xib;
			sourceTree = "<group>";
		};
/* End PBXVariantGroup section */

/* Begin XCBuildConfiguration section */
		46366BB11B7F9DE000A9AADF /* Debug */ = {
			isa = XCBuildConfiguration;
			buildSettings = {
				ALWAYS_SEARCH_USER_PATHS = NO;
				CLANG_CXX_LANGUAGE_STANDARD = "gnu++0x";
				CLANG_CXX_LIBRARY = "libc++";
				CLANG_ENABLE_MODULES = YES;
				CLANG_ENABLE_OBJC_ARC = YES;
				CLANG_WARN_BOOL_CONVERSION = YES;
				CLANG_WARN_CONSTANT_CONVERSION = YES;
				CLANG_WARN_DIRECT_OBJC_ISA_USAGE = YES_ERROR;
				CLANG_WARN_EMPTY_BODY = YES;
				CLANG_WARN_ENUM_CONVERSION = YES;
				CLANG_WARN_INT_CONVERSION = YES;
				CLANG_WARN_OBJC_ROOT_CLASS = YES_ERROR;
				CLANG_WARN_UNREACHABLE_CODE = YES;
				CLANG_WARN__DUPLICATE_METHOD_MATCH = YES;
				"CODE_SIGN_IDENTITY[sdk=iphoneos*]" = "iPhone Developer";
				COPY_PHASE_STRIP = NO;
				DEBUG_INFORMATION_FORMAT = "dwarf-with-dsym";
				ENABLE_STRICT_OBJC_MSGSEND = YES;
				GCC_C_LANGUAGE_STANDARD = gnu99;
				GCC_DYNAMIC_NO_PIC = NO;
				GCC_NO_COMMON_BLOCKS = YES;
				GCC_OPTIMIZATION_LEVEL = 0;
				GCC_PREPROCESSOR_DEFINITIONS = (
					"DEBUG=1",
					"$(inherited)",
				);
				GCC_SYMBOLS_PRIVATE_EXTERN = NO;
				GCC_WARN_64_TO_32_BIT_CONVERSION = YES;
				GCC_WARN_ABOUT_RETURN_TYPE = YES_ERROR;
				GCC_WARN_UNDECLARED_SELECTOR = YES;
				GCC_WARN_UNINITIALIZED_AUTOS = YES_AGGRESSIVE;
				GCC_WARN_UNUSED_FUNCTION = YES;
				GCC_WARN_UNUSED_VARIABLE = YES;
				IPHONEOS_DEPLOYMENT_TARGET = 8.4;
				MTL_ENABLE_DEBUG_INFO = YES;
				ONLY_ACTIVE_ARCH = YES;
				SDKROOT = iphoneos;
				SWIFT_OPTIMIZATION_LEVEL = "-Onone";
			};
			name = Debug;
		};
		46366BB21B7F9DE000A9AADF /* Release */ = {
			isa = XCBuildConfiguration;
			buildSettings = {
				ALWAYS_SEARCH_USER_PATHS = NO;
				CLANG_CXX_LANGUAGE_STANDARD = "gnu++0x";
				CLANG_CXX_LIBRARY = "libc++";
				CLANG_ENABLE_MODULES = YES;
				CLANG_ENABLE_OBJC_ARC = YES;
				CLANG_WARN_BOOL_CONVERSION = YES;
				CLANG_WARN_CONSTANT_CONVERSION = YES;
				CLANG_WARN_DIRECT_OBJC_ISA_USAGE = YES_ERROR;
				CLANG_WARN_EMPTY_BODY = YES;
				CLANG_WARN_ENUM_CONVERSION = YES;
				CLANG_WARN_INT_CONVERSION = YES;
				CLANG_WARN_OBJC_ROOT_CLASS = YES_ERROR;
				CLANG_WARN_UNREACHABLE_CODE = YES;
				CLANG_WARN__DUPLICATE_METHOD_MATCH = YES;
				"CODE_SIGN_IDENTITY[sdk=iphoneos*]" = "iPhone Developer";
				COPY_PHASE_STRIP = NO;
				DEBUG_INFORMATION_FORMAT = "dwarf-with-dsym";
				ENABLE_NS_ASSERTIONS = NO;
				ENABLE_STRICT_OBJC_MSGSEND = YES;
				GCC_C_LANGUAGE_STANDARD = gnu99;
				GCC_NO_COMMON_BLOCKS = YES;
				GCC_WARN_64_TO_32_BIT_CONVERSION = YES;
				GCC_WARN_ABOUT_RETURN_TYPE = YES_ERROR;
				GCC_WARN_UNDECLARED_SELECTOR = YES;
				GCC_WARN_UNINITIALIZED_AUTOS = YES_AGGRESSIVE;
				GCC_WARN_UNUSED_FUNCTION = YES;
				GCC_WARN_UNUSED_VARIABLE = YES;
				IPHONEOS_DEPLOYMENT_TARGET = 8.4;
				MTL_ENABLE_DEBUG_INFO = NO;
				SDKROOT = iphoneos;
				VALIDATE_PRODUCT = YES;
			};
			name = Release;
		};
		46366BB41B7F9DE000A9AADF /* Debug */ = {
			isa = XCBuildConfiguration;
			buildSettings = {
				ASSETCATALOG_COMPILER_APPICON_NAME = AppIcon;
				INFOPLIST_FILE = imagePicker/Info.plist;
				LD_RUNPATH_SEARCH_PATHS = "$(inherited) @executable_path/Frameworks";
				PRODUCT_NAME = "$(TARGET_NAME)";
				SWIFT_VERSION = 2.3;
			};
			name = Debug;
		};
		46366BB51B7F9DE000A9AADF /* Release */ = {
			isa = XCBuildConfiguration;
			buildSettings = {
				ASSETCATALOG_COMPILER_APPICON_NAME = AppIcon;
				INFOPLIST_FILE = imagePicker/Info.plist;
				LD_RUNPATH_SEARCH_PATHS = "$(inherited) @executable_path/Frameworks";
				PRODUCT_NAME = "$(TARGET_NAME)";
				SWIFT_VERSION = 2.3;
			};
			name = Release;
		};
		46366BB71B7F9DE000A9AADF /* Debug */ = {
			isa = XCBuildConfiguration;
			buildSettings = {
				BUNDLE_LOADER = "$(TEST_HOST)";
				FRAMEWORK_SEARCH_PATHS = (
					"$(SDKROOT)/Developer/Library/Frameworks",
					"$(inherited)",
				);
				GCC_PREPROCESSOR_DEFINITIONS = (
					"DEBUG=1",
					"$(inherited)",
				);
				INFOPLIST_FILE = imagePickerTests/Info.plist;
				LD_RUNPATH_SEARCH_PATHS = "$(inherited) @executable_path/Frameworks @loader_path/Frameworks";
				PRODUCT_NAME = "$(TARGET_NAME)";
				SWIFT_VERSION = 2.3;
				TEST_HOST = "$(BUILT_PRODUCTS_DIR)/imagePicker.app/imagePicker";
			};
			name = Debug;
		};
		46366BB81B7F9DE000A9AADF /* Release */ = {
			isa = XCBuildConfiguration;
			buildSettings = {
				BUNDLE_LOADER = "$(TEST_HOST)";
				FRAMEWORK_SEARCH_PATHS = (
					"$(SDKROOT)/Developer/Library/Frameworks",
					"$(inherited)",
				);
				INFOPLIST_FILE = imagePickerTests/Info.plist;
				LD_RUNPATH_SEARCH_PATHS = "$(inherited) @executable_path/Frameworks @loader_path/Frameworks";
				PRODUCT_NAME = "$(TARGET_NAME)";
				SWIFT_VERSION = 2.3;
				TEST_HOST = "$(BUILT_PRODUCTS_DIR)/imagePicker.app/imagePicker";
			};
			name = Release;
		};
/* End XCBuildConfiguration section */

/* Begin XCConfigurationList section */
		46366B8F1B7F9DE000A9AADF /* Build configuration list for PBXProject "imagePicker" */ = {
			isa = XCConfigurationList;
			buildConfigurations = (
				46366BB11B7F9DE000A9AADF /* Debug */,
				46366BB21B7F9DE000A9AADF /* Release */,
			);
			defaultConfigurationIsVisible = 0;
			defaultConfigurationName = Release;
		};
		46366BB31B7F9DE000A9AADF /* Build configuration list for PBXNativeTarget "imagePicker" */ = {
			isa = XCConfigurationList;
			buildConfigurations = (
				46366BB41B7F9DE000A9AADF /* Debug */,
				46366BB51B7F9DE000A9AADF /* Release */,
			);
			defaultConfigurationIsVisible = 0;
			defaultConfigurationName = Release;
		};
		46366BB61B7F9DE000A9AADF /* Build configuration list for PBXNativeTarget "imagePickerTests" */ = {
			isa = XCConfigurationList;
			buildConfigurations = (
				46366BB71B7F9DE000A9AADF /* Debug */,
				46366BB81B7F9DE000A9AADF /* Release */,
			);
			defaultConfigurationIsVisible = 0;
			defaultConfigurationName = Release;
		};
/* End XCConfigurationList section */
	};
	rootObject = 46366B8C1B7F9DE000A9AADF /* Project object */;
}
